
Microsoft Visual Studio Solution File, Format Version 12.00
# Visual Studio Version 17
VisualStudioVersion = 17.6.33815.320
MinimumVisualStudioVersion = 10.0.40219.1
Project("{FAE04EC0-301F-11D3-BF4B-00C04F79EFBC}") = "coin-jar", "coin-jar.csproj", "{CAAF4F37-EB4F-48B5-AD66-6373F5DDAF04}"
EndProject
Project("{2150E333-8FDC-42A3-9474-1A3956D46DE8}") = "using-locks", "using-locks", "{8D842EC8-62A2-4EF7-B5AC-19F4BC3750E9}"
EndProject
Project("{FAE04EC0-301F-11D3-BF4B-00C04F79EFBC}") = "coin-jar-with-locks", "..\coin-jar-with-locks\coin-jar-with-locks.csproj", "{61C63E3E-F576-4AED-92B8-9D421EAC98EA}"
EndProject
Global
	GlobalSection(SolutionConfigurationPlatforms) = preSolution
		Debug|Any CPU = Debug|Any CPU
		Release|Any CPU = Release|Any CPU
	EndGlobalSection
	GlobalSection(ProjectConfigurationPlatforms) = postSolution
		{CAAF4F37-EB4F-48B5-AD66-6373F5DDAF04}.Debug|Any CPU.ActiveCfg = Debug|Any CPU
		{CAAF4F37-EB4F-48B5-AD66-6373F5DDAF04}.Debug|Any CPU.Build.0 = Debug|Any CPU
		{CAAF4F37-EB4F-48B5-AD66-6373F5DDAF04}.Release|Any CPU.ActiveCfg = Release|Any CPU
		{CAAF4F37-EB4F-48B5-AD66-6373F5DDAF04}.Release|Any CPU.Build.0 = Release|Any CPU
		{61C63E3E-F576-4AED-92B8-9D421EAC98EA}.Debug|Any CPU.ActiveCfg = Debug|Any CPU
		{61C63E3E-F576-4AED-92B8-9D421EAC98EA}.Debug|Any CPU.Build.0 = Debug|Any CPU
		{61C63E3E-F576-4AED-92B8-9D421EAC98EA}.Release|Any CPU.ActiveCfg = Release|Any CPU
		{61C63E3E-F576-4AED-92B8-9D421EAC98EA}.Release|Any CPU.Build.0 = Release|Any CPU
	EndGlobalSection
	GlobalSection(SolutionProperties) = preSolution
		HideSolutionNode = FALSE
	EndGlobalSection
	GlobalSection(NestedProjects) = preSolution
		{61C63E3E-F576-4AED-92B8-9D421EAC98EA} = {8D842EC8-62A2-4EF7-B5AC-19F4BC3750E9}
	EndGlobalSection
	GlobalSection(ExtensibilityGlobals) = postSolution
		SolutionGuid = {818CAE1E-77C2-421E-BE50-BCCB83D283D1}
	EndGlobalSection
EndGlobal
